
Microsoft Visual Studio Solution File, Format Version 12.00
# Visual Studio Version 16
VisualStudioVersion = 16.0.30114.105
MinimumVisualStudioVersion = 10.0.40219.1
Project("{2150E333-8FDC-42A3-9474-1A3956D46DE8}") = "src", "src", "{C04341AE-2C6D-4B26-99B6-ED44CFE5FA56}"
EndProject
Project("{FAE04EC0-301F-11D3-BF4B-00C04F79EFBC}") = "AzureDevOpsDemo", "src\AzureDevOpsDemo\AzureDevOpsDemo.csproj", "{F9D32C14-0195-490B-A32A-05C561C5F08A}"
EndProject
Project("{2150E333-8FDC-42A3-9474-1A3956D46DE8}") = "test", "test", "{4186DFEC-936F-40D8-A8CE-656B4EAF1B06}"
EndProject
Project("{FAE04EC0-301F-11D3-BF4B-00C04F79EFBC}") = "AzureDevOpsCICDDemo.Test", "test\AzureDevOpsCICDDemo.Test\AzureDevOpsCICDDemo.Test.csproj", "{8E8EDA6E-7866-4B29-B2A1-DC278C1AE147}"
EndProject
Global
	GlobalSection(SolutionConfigurationPlatforms) = preSolution
		Debug|Any CPU = Debug|Any CPU
		Release|Any CPU = Release|Any CPU
	EndGlobalSection
	GlobalSection(SolutionProperties) = preSolution
		HideSolutionNode = FALSE
	EndGlobalSection
	GlobalSection(ProjectConfigurationPlatforms) = postSolution
		{F9D32C14-0195-490B-A32A-05C561C5F08A}.Debug|Any CPU.ActiveCfg = Debug|Any CPU
		{F9D32C14-0195-490B-A32A-05C561C5F08A}.Debug|Any CPU.Build.0 = Debug|Any CPU
		{F9D32C14-0195-490B-A32A-05C561C5F08A}.Release|Any CPU.ActiveCfg = Release|Any CPU
		{F9D32C14-0195-490B-A32A-05C561C5F08A}.Release|Any CPU.Build.0 = Release|Any CPU
		{8E8EDA6E-7866-4B29-B2A1-DC278C1AE147}.Debug|Any CPU.ActiveCfg = Debug|Any CPU
		{8E8EDA6E-7866-4B29-B2A1-DC278C1AE147}.Debug|Any CPU.Build.0 = Debug|Any CPU
		{8E8EDA6E-7866-4B29-B2A1-DC278C1AE147}.Release|Any CPU.ActiveCfg = Release|Any CPU
		{8E8EDA6E-7866-4B29-B2A1-DC278C1AE147}.Release|Any CPU.Build.0 = Release|Any CPU
	EndGlobalSection
	GlobalSection(NestedProjects) = preSolution
		{F9D32C14-0195-490B-A32A-05C561C5F08A} = {C04341AE-2C6D-4B26-99B6-ED44CFE5FA56}
		{8E8EDA6E-7866-4B29-B2A1-DC278C1AE147} = {4186DFEC-936F-40D8-A8CE-656B4EAF1B06}
	EndGlobalSection
EndGlobal
